
Microsoft Visual Studio Solution File, Format Version 12.00
# Visual Studio Version 16
VisualStudioVersion = 16.0.31515.178
MinimumVisualStudioVersion = 10.0.40219.1
Project("{FAE04EC0-301F-11D3-BF4B-00C04F79EFBC}") = "ChecklistAPI", "ChecklistAPI\ChecklistAPI.csproj", "{EE658AA6-9316-4598-ACC5-43B8BE83A385}"
EndProject
Global
	GlobalSection(SolutionConfigurationPlatforms) = preSolution
		Debug|Any CPU = Debug|Any CPU
		Release|Any CPU = Release|Any CPU
	EndGlobalSection
	GlobalSection(ProjectConfigurationPlatforms) = postSolution
		{EE658AA6-9316-4598-ACC5-43B8BE83A385}.Debug|Any CPU.ActiveCfg = Debug|Any CPU
		{EE658AA6-9316-4598-ACC5-43B8BE83A385}.Debug|Any CPU.Build.0 = Debug|Any CPU
		{EE658AA6-9316-4598-ACC5-43B8BE83A385}.Release|Any CPU.ActiveCfg = Release|Any CPU
		{EE658AA6-9316-4598-ACC5-43B8BE83A385}.Release|Any CPU.Build.0 = Release|Any CPU
	EndGlobalSection
	GlobalSection(SolutionProperties) = preSolution
		HideSolutionNode = FALSE
	EndGlobalSection
	GlobalSection(ExtensibilityGlobals) = postSolution
		SolutionGuid = {E82A7C8D-A194-486A-8C39-CB9DA66971CC}
	EndGlobalSection
EndGlobal
